
Microsoft Visual Studio Solution File, Format Version 12.00
# Visual Studio Version 17
VisualStudioVersion = 17.2.32630.192
MinimumVisualStudioVersion = 10.0.40219.1
Project("{FAE04EC0-301F-11D3-BF4B-00C04F79EFBC}") = "FinalChallenge", "FinalChallenge\FinalChallenge.csproj", "{CEC55E59-82C0-4604-AE31-A2CA1E6A1126}"
EndProject
Global
	GlobalSection(SolutionConfigurationPlatforms) = preSolution
		Debug|Any CPU = Debug|Any CPU
		Release|Any CPU = Release|Any CPU
	EndGlobalSection
	GlobalSection(ProjectConfigurationPlatforms) = postSolution
		{CEC55E59-82C0-4604-AE31-A2CA1E6A1126}.Debug|Any CPU.ActiveCfg = Debug|Any CPU
		{CEC55E59-82C0-4604-AE31-A2CA1E6A1126}.Debug|Any CPU.Build.0 = Debug|Any CPU
		{CEC55E59-82C0-4604-AE31-A2CA1E6A1126}.Release|Any CPU.ActiveCfg = Release|Any CPU
		{CEC55E59-82C0-4604-AE31-A2CA1E6A1126}.Release|Any CPU.Build.0 = Release|Any CPU
	EndGlobalSection
	GlobalSection(SolutionProperties) = preSolution
		HideSolutionNode = FALSE
	EndGlobalSection
	GlobalSection(ExtensibilityGlobals) = postSolution
		SolutionGuid = {AA76092B-25F5-4BDD-B692-E0C376A74152}
	EndGlobalSection
EndGlobal
