
Microsoft Visual Studio Solution File, Format Version 12.00
# Visual Studio Version 16
VisualStudioVersion = 16.0.30621.155
MinimumVisualStudioVersion = 10.0.40219.1
Project("{FAE04EC0-301F-11D3-BF4B-00C04F79EFBC}") = "Blackjack", "Blackjack\Blackjack.csproj", "{D5D6D9FB-C742-4FB4-8285-F270C5551C26}"
EndProject
Global
	GlobalSection(SolutionConfigurationPlatforms) = preSolution
		Debug|Any CPU = Debug|Any CPU
		Release|Any CPU = Release|Any CPU
	EndGlobalSection
	GlobalSection(ProjectConfigurationPlatforms) = postSolution
		{D5D6D9FB-C742-4FB4-8285-F270C5551C26}.Debug|Any CPU.ActiveCfg = Debug|Any CPU
		{D5D6D9FB-C742-4FB4-8285-F270C5551C26}.Debug|Any CPU.Build.0 = Debug|Any CPU
		{D5D6D9FB-C742-4FB4-8285-F270C5551C26}.Release|Any CPU.ActiveCfg = Release|Any CPU
		{D5D6D9FB-C742-4FB4-8285-F270C5551C26}.Release|Any CPU.Build.0 = Release|Any CPU
	EndGlobalSection
	GlobalSection(SolutionProperties) = preSolution
		HideSolutionNode = FALSE
	EndGlobalSection
	GlobalSection(ExtensibilityGlobals) = postSolution
		SolutionGuid = {28045FE0-F7C8-4591-9A57-3D3A2007278E}
	EndGlobalSection
EndGlobal
