
Microsoft Visual Studio Solution File, Format Version 12.00
# Visual Studio Version 17
VisualStudioVersion = 17.2.32630.192
MinimumVisualStudioVersion = 10.0.40219.1
Project("{FAE04EC0-301F-11D3-BF4B-00C04F79EFBC}") = "MethodsAndObjects", "MethodsAndObjects\MethodsAndObjects.csproj", "{737B800F-92D9-413C-8DB0-90C74162C9FA}"
EndProject
Global
	GlobalSection(SolutionConfigurationPlatforms) = preSolution
		Debug|Any CPU = Debug|Any CPU
		Release|Any CPU = Release|Any CPU
	EndGlobalSection
	GlobalSection(ProjectConfigurationPlatforms) = postSolution
		{737B800F-92D9-413C-8DB0-90C74162C9FA}.Debug|Any CPU.ActiveCfg = Debug|Any CPU
		{737B800F-92D9-413C-8DB0-90C74162C9FA}.Debug|Any CPU.Build.0 = Debug|Any CPU
		{737B800F-92D9-413C-8DB0-90C74162C9FA}.Release|Any CPU.ActiveCfg = Release|Any CPU
		{737B800F-92D9-413C-8DB0-90C74162C9FA}.Release|Any CPU.Build.0 = Release|Any CPU
	EndGlobalSection
	GlobalSection(SolutionProperties) = preSolution
		HideSolutionNode = FALSE
	EndGlobalSection
	GlobalSection(ExtensibilityGlobals) = postSolution
		SolutionGuid = {F41C5B29-6D33-4650-85FA-4BF8E946484D}
	EndGlobalSection
EndGlobal
