
Microsoft Visual Studio Solution File, Format Version 12.00
# Visual Studio Version 16
VisualStudioVersion = 16.0.30621.155
MinimumVisualStudioVersion = 10.0.40219.1
Project("{FAE04EC0-301F-11D3-BF4B-00C04F79EFBC}") = "CallingMethods", "CallingMethods\CallingMethods.csproj", "{E4B63BA4-FF1E-4B90-9485-2200CB908BD7}"
EndProject
Global
	GlobalSection(SolutionConfigurationPlatforms) = preSolution
		Debug|Any CPU = Debug|Any CPU
		Release|Any CPU = Release|Any CPU
	EndGlobalSection
	GlobalSection(ProjectConfigurationPlatforms) = postSolution
		{E4B63BA4-FF1E-4B90-9485-2200CB908BD7}.Debug|Any CPU.ActiveCfg = Debug|Any CPU
		{E4B63BA4-FF1E-4B90-9485-2200CB908BD7}.Debug|Any CPU.Build.0 = Debug|Any CPU
		{E4B63BA4-FF1E-4B90-9485-2200CB908BD7}.Release|Any CPU.ActiveCfg = Release|Any CPU
		{E4B63BA4-FF1E-4B90-9485-2200CB908BD7}.Release|Any CPU.Build.0 = Release|Any CPU
	EndGlobalSection
	GlobalSection(SolutionProperties) = preSolution
		HideSolutionNode = FALSE
	EndGlobalSection
	GlobalSection(ExtensibilityGlobals) = postSolution
		SolutionGuid = {5EA1D098-D7A0-483C-BB0B-554515137826}
	EndGlobalSection
EndGlobal
