
Microsoft Visual Studio Solution File, Format Version 12.00
# Visual Studio Version 16
VisualStudioVersion = 16.0.30621.155
MinimumVisualStudioVersion = 10.0.40219.1
Project("{FAE04EC0-301F-11D3-BF4B-00C04F79EFBC}") = "MathAndComparisonOperators", "MathAndComparisonOperators\MathAndComparisonOperators.csproj", "{CFF98692-CA77-4246-999B-6855853C61F1}"
EndProject
Global
	GlobalSection(SolutionConfigurationPlatforms) = preSolution
		Debug|Any CPU = Debug|Any CPU
		Release|Any CPU = Release|Any CPU
	EndGlobalSection
	GlobalSection(ProjectConfigurationPlatforms) = postSolution
		{CFF98692-CA77-4246-999B-6855853C61F1}.Debug|Any CPU.ActiveCfg = Debug|Any CPU
		{CFF98692-CA77-4246-999B-6855853C61F1}.Debug|Any CPU.Build.0 = Debug|Any CPU
		{CFF98692-CA77-4246-999B-6855853C61F1}.Release|Any CPU.ActiveCfg = Release|Any CPU
		{CFF98692-CA77-4246-999B-6855853C61F1}.Release|Any CPU.Build.0 = Release|Any CPU
	EndGlobalSection
	GlobalSection(SolutionProperties) = preSolution
		HideSolutionNode = FALSE
	EndGlobalSection
	GlobalSection(ExtensibilityGlobals) = postSolution
		SolutionGuid = {84CE25DC-F113-43D4-9EB0-781082E3F74C}
	EndGlobalSection
EndGlobal
