
Microsoft Visual Studio Solution File, Format Version 12.00
# Visual Studio Version 16
VisualStudioVersion = 16.0.30621.155
MinimumVisualStudioVersion = 10.0.40219.1
Project("{FAE04EC0-301F-11D3-BF4B-00C04F79EFBC}") = "MethodSubmission", "MethodSubmission\MethodSubmission.csproj", "{871A67D7-7E71-48B6-9F37-AECCA64A8041}"
EndProject
Global
	GlobalSection(SolutionConfigurationPlatforms) = preSolution
		Debug|Any CPU = Debug|Any CPU
		Release|Any CPU = Release|Any CPU
	EndGlobalSection
	GlobalSection(ProjectConfigurationPlatforms) = postSolution
		{871A67D7-7E71-48B6-9F37-AECCA64A8041}.Debug|Any CPU.ActiveCfg = Debug|Any CPU
		{871A67D7-7E71-48B6-9F37-AECCA64A8041}.Debug|Any CPU.Build.0 = Debug|Any CPU
		{871A67D7-7E71-48B6-9F37-AECCA64A8041}.Release|Any CPU.ActiveCfg = Release|Any CPU
		{871A67D7-7E71-48B6-9F37-AECCA64A8041}.Release|Any CPU.Build.0 = Release|Any CPU
	EndGlobalSection
	GlobalSection(SolutionProperties) = preSolution
		HideSolutionNode = FALSE
	EndGlobalSection
	GlobalSection(ExtensibilityGlobals) = postSolution
		SolutionGuid = {4761F249-3273-412E-919A-B8987103EE60}
	EndGlobalSection
EndGlobal
